PODS:
  - IQKeyboardManager (6.2.0)
  - KMNavigationBarTransition (1.1.5)
  - ReactiveObjC (3.1.0)
  - SDWebImage (4.4.5):
    - SDWebImage/Core (= 4.4.5)
  - SDWebImage/Core (4.4.5)
  - SVProgressHUD (2.2.5)
  - WGBCocoaKit (1.1.1):
    - WGBCocoaKit/FoundationModule (= 1.1.1)
    - WGBCocoaKit/UIKitModule (= 1.1.1)
  - WGBCocoaKit/FoundationModule (1.1.1)
  - WGBCocoaKit/UIKitModule (1.1.1)
  - YYModel (1.0.4)

DEPENDENCIES:
  - IQKeyboardManager
  - KMNavigationBarTransition
  - ReactiveObjC
  - SDWebImage
  - SVProgressHUD
  - WGBCocoaKit (~> 1.1.1)
  - YYModel

SPEC REPOS:
  https://github.com/cocoapods/specs.git:
    - IQKeyboardManager
    - KMNavigationBarTransition
    - ReactiveObjC
    - SDWebImage
    - SVProgressHUD
    - WGBCocoaKit
    - YYModel

SPEC CHECKSUMS:
  IQKeyboardManager: 6194101620b73af5e67900b8f89707a99de0b804
  KMNavigationBarTransition: 7a52c9bc25b39b6e3343e980b453facee1591b82
  ReactiveObjC: 2a38ea15335de4119d8b17caf1db1484f61db902
  SDWebImage: ecc03494e973b93b80213649d32175f8d2d17d4d
  SVProgressHUD: 1428aafac632c1f86f62aa4243ec12008d7a51d6
  WGBCocoaKit: 66e159fc3e67b5acca256083b5746c7a3fac602a
  YYModel: 2a7fdd96aaa4b86a824e26d0c517de8928c04b30

PODFILE CHECKSUM: 88f7d2922b51e141983b2fc42626254dba3ceb67

COCOAPODS: 1.5.3
